
Microsoft Visual Studio Solution File, Format Version 12.00
# Visual Studio Version 17
VisualStudioVersion = 17.9.34622.214
MinimumVisualStudioVersion = 10.0.40219.1
Project("{FAE04EC0-301F-11D3-BF4B-00C04F79EFBC}") = "MVC", "MVC\MVC.csproj", "{EF687952-5910-4A07-863B-7871078400D7}"
EndProject
Project("{FAE04EC0-301F-11D3-BF4B-00C04F79EFBC}") = "BLL", "BLL\BLL.csproj", "{03509F14-7CD5-41A8-A3F4-5CF96CA2F0E8}"
EndProject
Global
	GlobalSection(SolutionConfigurationPlatforms) = preSolution
		Debug|Any CPU = Debug|Any CPU
		Release|Any CPU = Release|Any CPU
	EndGlobalSection
	GlobalSection(ProjectConfigurationPlatforms) = postSolution
		{EF687952-5910-4A07-863B-7871078400D7}.Debug|Any CPU.ActiveCfg = Debug|Any CPU
		{EF687952-5910-4A07-863B-7871078400D7}.Debug|Any CPU.Build.0 = Debug|Any CPU
		{EF687952-5910-4A07-863B-7871078400D7}.Release|Any CPU.ActiveCfg = Release|Any CPU
		{EF687952-5910-4A07-863B-7871078400D7}.Release|Any CPU.Build.0 = Release|Any CPU
		{03509F14-7CD5-41A8-A3F4-5CF96CA2F0E8}.Debug|Any CPU.ActiveCfg = Debug|Any CPU
		{03509F14-7CD5-41A8-A3F4-5CF96CA2F0E8}.Debug|Any CPU.Build.0 = Debug|Any CPU
		{03509F14-7CD5-41A8-A3F4-5CF96CA2F0E8}.Release|Any CPU.ActiveCfg = Release|Any CPU
		{03509F14-7CD5-41A8-A3F4-5CF96CA2F0E8}.Release|Any CPU.Build.0 = Release|Any CPU
	EndGlobalSection
	GlobalSection(SolutionProperties) = preSolution
		HideSolutionNode = FALSE
	EndGlobalSection
	GlobalSection(ExtensibilityGlobals) = postSolution
		SolutionGuid = {1322B3CF-C73B-45E1-87DD-0D1ECA795C26}
	EndGlobalSection
EndGlobal
